
Microsoft Visual Studio Solution File, Format Version 12.00
# Visual Studio 15
VisualStudioVersion = 15.0.28010.2019
MinimumVisualStudioVersion = 10.0.40219.1
Project("{FAE04EC0-301F-11D3-BF4B-00C04F79EFBC}") = "FSAstorePwned", "FSAstorePwned\FSAstorePwned.csproj", "{3DBA45FD-7E39-4369-AD81-1822EC829376}"
EndProject
Project("{FAE04EC0-301F-11D3-BF4B-00C04F79EFBC}") = "FSAstorePwned.Tests", "FSAstorePwned.Tests\FSAstorePwned.Tests.csproj", "{A09C5385-3CC3-4B2C-AF85-5E98304AD44E}"
EndProject
Global
	GlobalSection(SolutionConfigurationPlatforms) = preSolution
		Debug|Any CPU = Debug|Any CPU
		Release|Any CPU = Release|Any CPU
	EndGlobalSection
	GlobalSection(ProjectConfigurationPlatforms) = postSolution
		{3DBA45FD-7E39-4369-AD81-1822EC829376}.Debug|Any CPU.ActiveCfg = Debug|Any CPU
		{3DBA45FD-7E39-4369-AD81-1822EC829376}.Debug|Any CPU.Build.0 = Debug|Any CPU
		{3DBA45FD-7E39-4369-AD81-1822EC829376}.Release|Any CPU.ActiveCfg = Release|Any CPU
		{3DBA45FD-7E39-4369-AD81-1822EC829376}.Release|Any CPU.Build.0 = Release|Any CPU
		{A09C5385-3CC3-4B2C-AF85-5E98304AD44E}.Debug|Any CPU.ActiveCfg = Debug|Any CPU
		{A09C5385-3CC3-4B2C-AF85-5E98304AD44E}.Debug|Any CPU.Build.0 = Debug|Any CPU
		{A09C5385-3CC3-4B2C-AF85-5E98304AD44E}.Release|Any CPU.ActiveCfg = Release|Any CPU
		{A09C5385-3CC3-4B2C-AF85-5E98304AD44E}.Release|Any CPU.Build.0 = Release|Any CPU
	EndGlobalSection
	GlobalSection(SolutionProperties) = preSolution
		HideSolutionNode = FALSE
	EndGlobalSection
	GlobalSection(ExtensibilityGlobals) = postSolution
		SolutionGuid = {2E220585-7936-42E5-B593-A73670BE1A83}
	EndGlobalSection
EndGlobal
